
Microsoft Visual Studio Solution File, Format Version 12.00
# Visual Studio Version 17
VisualStudioVersion = 17.14.36623.8
MinimumVisualStudioVersion = 10.0.40219.1
Project("{54A90642-561A-4BB1-A94E-469ADEE60C69}") = "eppoi.client", "eppoi.client\eppoi.client.esproj", "{DC0CB3AC-9081-FD1D-3FEE-514476394A24}"
EndProject
Project("{FAE04EC0-301F-11D3-BF4B-00C04F79EFBC}") = "eppoi.Server", "Eppoi.Server\eppoi.Server.csproj", "{4153C2E7-B507-4D2C-AF5D-F5EBC8567B2E}"
EndProject
Project("{FAE04EC0-301F-11D3-BF4B-00C04F79EFBC}") = "eppoi.Console", "eppoi.Console\eppoi.Console.csproj", "{8FF77F40-D564-4C5F-BDA8-97F80CC3FF63}"
EndProject
Project("{FAE04EC0-301F-11D3-BF4B-00C04F79EFBC}") = "eppoi.Models", "Models\eppoi.Models.csproj", "{8224F117-F160-4C30-AF04-B2322CFD2F8D}"
EndProject
Project("{FAE04EC0-301F-11D3-BF4B-00C04F79EFBC}") = "Eppoi.Server.Tests", "Eppoi.Server.Tests\Eppoi.Server.Tests.csproj", "{D04313CA-3575-4B0F-A3E9-1165229DCC25}"
EndProject
Global
	GlobalSection(SolutionConfigurationPlatforms) = preSolution
		Debug|Any CPU = Debug|Any CPU
		Debug|x64 = Debug|x64
		Debug|x86 = Debug|x86
		Release|Any CPU = Release|Any CPU
		Release|x64 = Release|x64
		Release|x86 = Release|x86
	EndGlobalSection
	GlobalSection(ProjectConfigurationPlatforms) = postSolution
		{DC0CB3AC-9081-FD1D-3FEE-514476394A24}.Debug|Any CPU.ActiveCfg = Debug|Any CPU
		{DC0CB3AC-9081-FD1D-3FEE-514476394A24}.Debug|Any CPU.Build.0 = Debug|Any CPU
		{DC0CB3AC-9081-FD1D-3FEE-514476394A24}.Debug|Any CPU.Deploy.0 = Debug|Any CPU
		{DC0CB3AC-9081-FD1D-3FEE-514476394A24}.Debug|x64.ActiveCfg = Debug|x64
		{DC0CB3AC-9081-FD1D-3FEE-514476394A24}.Debug|x86.ActiveCfg = Debug|x86
		{DC0CB3AC-9081-FD1D-3FEE-514476394A24}.Release|Any CPU.ActiveCfg = Release|Any CPU
		{DC0CB3AC-9081-FD1D-3FEE-514476394A24}.Release|Any CPU.Build.0 = Release|Any CPU
		{DC0CB3AC-9081-FD1D-3FEE-514476394A24}.Release|Any CPU.Deploy.0 = Release|Any CPU
		{DC0CB3AC-9081-FD1D-3FEE-514476394A24}.Release|x64.ActiveCfg = Release|x64
		{DC0CB3AC-9081-FD1D-3FEE-514476394A24}.Release|x86.ActiveCfg = Release|x86
		{4153C2E7-B507-4D2C-AF5D-F5EBC8567B2E}.Debug|Any CPU.ActiveCfg = Debug|Any CPU
		{4153C2E7-B507-4D2C-AF5D-F5EBC8567B2E}.Debug|Any CPU.Build.0 = Debug|Any CPU
		{4153C2E7-B507-4D2C-AF5D-F5EBC8567B2E}.Debug|x64.ActiveCfg = Debug|Any CPU
		{4153C2E7-B507-4D2C-AF5D-F5EBC8567B2E}.Debug|x64.Build.0 = Debug|Any CPU
		{4153C2E7-B507-4D2C-AF5D-F5EBC8567B2E}.Debug|x86.ActiveCfg = Debug|Any CPU
		{4153C2E7-B507-4D2C-AF5D-F5EBC8567B2E}.Debug|x86.Build.0 = Debug|Any CPU
		{4153C2E7-B507-4D2C-AF5D-F5EBC8567B2E}.Release|Any CPU.ActiveCfg = Release|Any CPU
		{4153C2E7-B507-4D2C-AF5D-F5EBC8567B2E}.Release|Any CPU.Build.0 = Release|Any CPU
		{4153C2E7-B507-4D2C-AF5D-F5EBC8567B2E}.Release|x64.ActiveCfg = Release|Any CPU
		{4153C2E7-B507-4D2C-AF5D-F5EBC8567B2E}.Release|x64.Build.0 = Release|Any CPU
		{4153C2E7-B507-4D2C-AF5D-F5EBC8567B2E}.Release|x86.ActiveCfg = Release|Any CPU
		{4153C2E7-B507-4D2C-AF5D-F5EBC8567B2E}.Release|x86.Build.0 = Release|Any CPU
		{8FF77F40-D564-4C5F-BDA8-97F80CC3FF63}.Debug|Any CPU.ActiveCfg = Debug|Any CPU
		{8FF77F40-D564-4C5F-BDA8-97F80CC3FF63}.Debug|Any CPU.Build.0 = Debug|Any CPU
		{8FF77F40-D564-4C5F-BDA8-97F80CC3FF63}.Debug|x64.ActiveCfg = Debug|Any CPU
		{8FF77F40-D564-4C5F-BDA8-97F80CC3FF63}.Debug|x64.Build.0 = Debug|Any CPU
		{8FF77F40-D564-4C5F-BDA8-97F80CC3FF63}.Debug|x86.ActiveCfg = Debug|Any CPU
		{8FF77F40-D564-4C5F-BDA8-97F80CC3FF63}.Debug|x86.Build.0 = Debug|Any CPU
		{8FF77F40-D564-4C5F-BDA8-97F80CC3FF63}.Release|Any CPU.ActiveCfg = Release|Any CPU
		{8FF77F40-D564-4C5F-BDA8-97F80CC3FF63}.Release|Any CPU.Build.0 = Release|Any CPU
		{8FF77F40-D564-4C5F-BDA8-97F80CC3FF63}.Release|x64.ActiveCfg = Release|Any CPU
		{8FF77F40-D564-4C5F-BDA8-97F80CC3FF63}.Release|x64.Build.0 = Release|Any CPU
		{8FF77F40-D564-4C5F-BDA8-97F80CC3FF63}.Release|x86.ActiveCfg = Release|Any CPU
		{8FF77F40-D564-4C5F-BDA8-97F80CC3FF63}.Release|x86.Build.0 = Release|Any CPU
		{8224F117-F160-4C30-AF04-B2322CFD2F8D}.Debug|Any CPU.ActiveCfg = Debug|Any CPU
		{8224F117-F160-4C30-AF04-B2322CFD2F8D}.Debug|Any CPU.Build.0 = Debug|Any CPU
		{8224F117-F160-4C30-AF04-B2322CFD2F8D}.Debug|x64.ActiveCfg = Debug|Any CPU
		{8224F117-F160-4C30-AF04-B2322CFD2F8D}.Debug|x64.Build.0 = Debug|Any CPU
		{8224F117-F160-4C30-AF04-B2322CFD2F8D}.Debug|x86.ActiveCfg = Debug|Any CPU
		{8224F117-F160-4C30-AF04-B2322CFD2F8D}.Debug|x86.Build.0 = Debug|Any CPU
		{8224F117-F160-4C30-AF04-B2322CFD2F8D}.Release|Any CPU.ActiveCfg = Release|Any CPU
		{8224F117-F160-4C30-AF04-B2322CFD2F8D}.Release|Any CPU.Build.0 = Release|Any CPU
		{8224F117-F160-4C30-AF04-B2322CFD2F8D}.Release|x64.ActiveCfg = Release|Any CPU
		{8224F117-F160-4C30-AF04-B2322CFD2F8D}.Release|x64.Build.0 = Release|Any CPU
		{8224F117-F160-4C30-AF04-B2322CFD2F8D}.Release|x86.ActiveCfg = Release|Any CPU
		{8224F117-F160-4C30-AF04-B2322CFD2F8D}.Release|x86.Build.0 = Release|Any CPU
		{D04313CA-3575-4B0F-A3E9-1165229DCC25}.Debug|Any CPU.ActiveCfg = Debug|Any CPU
		{D04313CA-3575-4B0F-A3E9-1165229DCC25}.Debug|Any CPU.Build.0 = Debug|Any CPU
		{D04313CA-3575-4B0F-A3E9-1165229DCC25}.Debug|x64.ActiveCfg = Debug|Any CPU
		{D04313CA-3575-4B0F-A3E9-1165229DCC25}.Debug|x64.Build.0 = Debug|Any CPU
		{D04313CA-3575-4B0F-A3E9-1165229DCC25}.Debug|x86.ActiveCfg = Debug|Any CPU
		{D04313CA-3575-4B0F-A3E9-1165229DCC25}.Debug|x86.Build.0 = Debug|Any CPU
		{D04313CA-3575-4B0F-A3E9-1165229DCC25}.Release|Any CPU.ActiveCfg = Release|Any CPU
		{D04313CA-3575-4B0F-A3E9-1165229DCC25}.Release|Any CPU.Build.0 = Release|Any CPU
		{D04313CA-3575-4B0F-A3E9-1165229DCC25}.Release|x64.ActiveCfg = Release|Any CPU
		{D04313CA-3575-4B0F-A3E9-1165229DCC25}.Release|x64.Build.0 = Release|Any CPU
		{D04313CA-3575-4B0F-A3E9-1165229DCC25}.Release|x86.ActiveCfg = Release|Any CPU
		{D04313CA-3575-4B0F-A3E9-1165229DCC25}.Release|x86.Build.0 = Release|Any CPU
	EndGlobalSection
	GlobalSection(SolutionProperties) = preSolution
		HideSolutionNode = FALSE
	EndGlobalSection
	GlobalSection(ExtensibilityGlobals) = postSolution
		SolutionGuid = {32E88DE5-4B64-436F-AE02-68B15EB43659}
	EndGlobalSection
EndGlobal
